
Microsoft Visual Studio Solution File, Format Version 12.00
# Visual Studio Version 17
VisualStudioVersion = 17.13.35828.75 d17.13
MinimumVisualStudioVersion = 10.0.40219.1
Project("{FAE04EC0-301F-11D3-BF4B-00C04F79EFBC}") = "Forms", "Forms\Forms.csproj", "{24D275D5-9B39-4573-B2A4-CE60A31EFB91}"
EndProject
Project("{FAE04EC0-301F-11D3-BF4B-00C04F79EFBC}") = "Conexion", "Conexion\Conexion.csproj", "{49AE7311-5E61-45E4-8CFA-4400E363B5AF}"
EndProject
Project("{FAE04EC0-301F-11D3-BF4B-00C04F79EFBC}") = "Dominio", "Dominio\Dominio.csproj", "{C1611DE6-64B3-4C94-9545-CCA6722A2890}"
EndProject
Global
	GlobalSection(SolutionConfigurationPlatforms) = preSolution
		Debug|Any CPU = Debug|Any CPU
		Release|Any CPU = Release|Any CPU
	EndGlobalSection
	GlobalSection(ProjectConfigurationPlatforms) = postSolution
		{24D275D5-9B39-4573-B2A4-CE60A31EFB91}.Debug|Any CPU.ActiveCfg = Debug|Any CPU
		{24D275D5-9B39-4573-B2A4-CE60A31EFB91}.Debug|Any CPU.Build.0 = Debug|Any CPU
		{24D275D5-9B39-4573-B2A4-CE60A31EFB91}.Release|Any CPU.ActiveCfg = Release|Any CPU
		{24D275D5-9B39-4573-B2A4-CE60A31EFB91}.Release|Any CPU.Build.0 = Release|Any CPU
		{49AE7311-5E61-45E4-8CFA-4400E363B5AF}.Debug|Any CPU.ActiveCfg = Debug|Any CPU
		{49AE7311-5E61-45E4-8CFA-4400E363B5AF}.Debug|Any CPU.Build.0 = Debug|Any CPU
		{49AE7311-5E61-45E4-8CFA-4400E363B5AF}.Release|Any CPU.ActiveCfg = Release|Any CPU
		{49AE7311-5E61-45E4-8CFA-4400E363B5AF}.Release|Any CPU.Build.0 = Release|Any CPU
		{C1611DE6-64B3-4C94-9545-CCA6722A2890}.Debug|Any CPU.ActiveCfg = Debug|Any CPU
		{C1611DE6-64B3-4C94-9545-CCA6722A2890}.Debug|Any CPU.Build.0 = Debug|Any CPU
		{C1611DE6-64B3-4C94-9545-CCA6722A2890}.Release|Any CPU.ActiveCfg = Release|Any CPU
		{C1611DE6-64B3-4C94-9545-CCA6722A2890}.Release|Any CPU.Build.0 = Release|Any CPU
	EndGlobalSection
	GlobalSection(SolutionProperties) = preSolution
		HideSolutionNode = FALSE
	EndGlobalSection
	GlobalSection(ExtensibilityGlobals) = postSolution
		SolutionGuid = {4F9DBD48-53AC-416A-A37D-033040E0CCD0}
	EndGlobalSection
EndGlobal
